
Microsoft Visual Studio Solution File, Format Version 12.00
# Visual Studio 15
VisualStudioVersion = 15.0.28307.271
MinimumVisualStudioVersion = 10.0.40219.1
Project("{FAE04EC0-301F-11D3-BF4B-00C04F79EFBC}") = "SendSms", "SendSms\SendSms.csproj", "{97340E2E-B013-4B38-9A57-FEBBE7DA7032}"
EndProject
Global
	GlobalSection(SolutionConfigurationPlatforms) = preSolution
		Debug|Any CPU = Debug|Any CPU
		Release|Any CPU = Release|Any CPU
	EndGlobalSection
	GlobalSection(ProjectConfigurationPlatforms) = postSolution
		{97340E2E-B013-4B38-9A57-FEBBE7DA7032}.Debug|Any CPU.ActiveCfg = Debug|Any CPU
		{97340E2E-B013-4B38-9A57-FEBBE7DA7032}.Debug|Any CPU.Build.0 = Debug|Any CPU
		{97340E2E-B013-4B38-9A57-FEBBE7DA7032}.Release|Any CPU.ActiveCfg = Release|Any CPU
		{97340E2E-B013-4B38-9A57-FEBBE7DA7032}.Release|Any CPU.Build.0 = Release|Any CPU
	EndGlobalSection
	GlobalSection(SolutionProperties) = preSolution
		HideSolutionNode = FALSE
	EndGlobalSection
	GlobalSection(ExtensibilityGlobals) = postSolution
		SolutionGuid = {01ED76DC-4CB5-4835-BB3A-CD375E732655}
	EndGlobalSection
EndGlobal
